// !$*UTF8*$!
{
	archiveVersion = 1;
	classes = {
	};
	objectVersion = 77;
	objects = {

/* Begin PBXBuildFile section */
		D7B040502EA3AF3200D6B74D /* AppDelegate.swift in Sources */ = {isa = PBXBuildFile; fileRef = D7B0404F2EA3AF3200D6B74D /* AppDelegate.swift */; };
		D7B040522EA3AF3200D6B74D /* SceneDelegate.swift in Sources */ = {isa = PBXBuildFile; fileRef = D7B040512EA3AF3200D6B74D /* SceneDelegate.swift */; };
		D7B040552EA3AF3200D6B74D /* LaunchScreen.storyboard in Resources */ = {isa = PBXBuildFile; fileRef = D7B040532EA3AF3200D6B74D /* LaunchScreen.storyboard */; };
		D7B040582EA3AF3200D6B74D /* Main.storyboard in Resources */ = {isa = PBXBuildFile; fileRef = D7B040562EA3AF3200D6B74D /* Main.storyboard */; };
		D7B040612EA3AF3200D6B74D /* AppDelegate.swift in Sources */ = {isa = PBXBuildFile; fileRef = D7B040602EA3AF3200D6B74D /* AppDelegate.swift */; };
		D7B040642EA3AF3200D6B74D /* Main.storyboard in Resources */ = {isa = PBXBuildFile; fileRef = D7B040622EA3AF3200D6B74D /* Main.storyboard */; };
		D7B0406B2EA3AF3200D6B74D /* Bin Extension Extension.appex in Embed Foundation Extensions */ = {isa = PBXBuildFile; fileRef = D7B0406A2EA3AF3200D6B74D /* Bin Extension Extension.appex */; settings = {ATTRIBUTES = (RemoveHeadersOnCopy, ); }; };
		D7B040752EA3AF3200D6B74D /* Bin Extension Extension.appex in Embed Foundation Extensions */ = {isa = PBXBuildFile; fileRef = D7B040742EA3AF3200D6B74D /* Bin Extension Extension.appex */; settings = {ATTRIBUTES = (RemoveHeadersOnCopy, ); }; };
		D7B0407A2EA3AF3200D6B74D /* Main.html in Resources */ = {isa = PBXBuildFile; fileRef = D7B0403F2EA3AF3100D6B74D /* Main.html */; };
		D7B0407B2EA3AF3200D6B74D /* Main.html in Resources */ = {isa = PBXBuildFile; fileRef = D7B0403F2EA3AF3100D6B74D /* Main.html */; };
		D7B0407C2EA3AF3200D6B74D /* Icon.png in Resources */ = {isa = PBXBuildFile; fileRef = D7B040412EA3AF3100D6B74D /* Icon.png */; };
		D7B0407D2EA3AF3200D6B74D /* Icon.png in Resources */ = {isa = PBXBuildFile; fileRef = D7B040412EA3AF3100D6B74D /* Icon.png */; };
		D7B0407E2EA3AF3200D6B74D /* Style.css in Resources */ = {isa = PBXBuildFile; fileRef = D7B040422EA3AF3100D6B74D /* Style.css */; };
		D7B0407F2EA3AF3200D6B74D /* Style.css in Resources */ = {isa = PBXBuildFile; fileRef = D7B040422EA3AF3100D6B74D /* Style.css */; };
		D7B040802EA3AF3200D6B74D /* Script.js in Resources */ = {isa = PBXBuildFile; fileRef = D7B040432EA3AF3100D6B74D /* Script.js */; };
		D7B040812EA3AF3200D6B74D /* Script.js in Resources */ = {isa = PBXBuildFile; fileRef = D7B040432EA3AF3100D6B74D /* Script.js */; };
		D7B040822EA3AF3200D6B74D /* ViewController.swift in Sources */ = {isa = PBXBuildFile; fileRef = D7B040442EA3AF3100D6B74D /* ViewController.swift */; };
		D7B040832EA3AF3200D6B74D /* ViewController.swift in Sources */ = {isa = PBXBuildFile; fileRef = D7B040442EA3AF3100D6B74D /* ViewController.swift */; };
		D7B040842EA3AF3200D6B74D /* Assets.xcassets in Resources */ = {isa = PBXBuildFile; fileRef = D7B040452EA3AF3200D6B74D /* Assets.xcassets */; };
		D7B040852EA3AF3200D6B74D /* Assets.xcassets in Resources */ = {isa = PBXBuildFile; fileRef = D7B040452EA3AF3200D6B74D /* Assets.xcassets */; };
		D7B040862EA3AF3200D6B74D /* SafariWebExtensionHandler.swift in Sources */ = {isa = PBXBuildFile; fileRef = D7B040472EA3AF3200D6B74D /* SafariWebExtensionHandler.swift */; };
		D7B040872EA3AF3200D6B74D /* SafariWebExtensionHandler.swift in Sources */ = {isa = PBXBuildFile; fileRef = D7B040472EA3AF3200D6B74D /* SafariWebExtensionHandler.swift */; };
		D7B040A92EA3AF3300D6B74D /* browserAPI.js in Resources */ = {isa = PBXBuildFile; fileRef = D7B0409A2EA3AF3300D6B74D /* browserAPI.js */; };
		D7B040AA2EA3AF3300D6B74D /* background.js in Resources */ = {isa = PBXBuildFile; fileRef = D7B0409B2EA3AF3300D6B74D /* background.js */; };
		D7B040AB2EA3AF3300D6B74D /* ipDisplay.js in Resources */ = {isa = PBXBuildFile; fileRef = D7B0409C2EA3AF3300D6B74D /* ipDisplay.js */; };
		D7B040AC2EA3AF3300D6B74D /* images in Resources */ = {isa = PBXBuildFile; fileRef = D7B0409D2EA3AF3300D6B74D /* images */; };
		D7B040AD2EA3AF3300D6B74D /* popup.html in Resources */ = {isa = PBXBuildFile; fileRef = D7B0409E2EA3AF3300D6B74D /* popup.html */; };
		B97BD8DE2FF2B4146B4AE021 /* siteManager.js in Resources */ = {isa = PBXBuildFile; fileRef = 26C601628EA14539AAEBFB90 /* siteManager.js */; };
		D7B040B02EA3AF3300D6B74D /* youtubeSearchBar.js in Resources */ = {isa = PBXBuildFile; fileRef = D7B040A12EA3AF3300D6B74D /* youtubeSearchBar.js */; };
		D7B040B22EA3AF3300D6B74D /* manifest.json in Resources */ = {isa = PBXBuildFile; fileRef = D7B040A32EA3AF3300D6B74D /* manifest.json */; };
		D7B040B32EA3AF3300D6B74D /* popup.css in Resources */ = {isa = PBXBuildFile; fileRef = D7B040A42EA3AF3300D6B74D /* popup.css */; };
		D7B040B42EA3AF3300D6B74D /* _locales in Resources */ = {isa = PBXBuildFile; fileRef = D7B040A52EA3AF3300D6B74D /* _locales */; };
		D7B040B82EA3AF3300D6B74D /* browserAPI.js in Resources */ = {isa = PBXBuildFile; fileRef = D7B0409A2EA3AF3300D6B74D /* browserAPI.js */; };
		D7B040B92EA3AF3300D6B74D /* background.js in Resources */ = {isa = PBXBuildFile; fileRef = D7B0409B2EA3AF3300D6B74D /* background.js */; };
		D7B040BA2EA3AF3300D6B74D /* ipDisplay.js in Resources */ = {isa = PBXBuildFile; fileRef = D7B0409C2EA3AF3300D6B74D /* ipDisplay.js */; };
		D7B040BB2EA3AF3300D6B74D /* images in Resources */ = {isa = PBXBuildFile; fileRef = D7B0409D2EA3AF3300D6B74D /* images */; };
		D7B040BC2EA3AF3300D6B74D /* popup.html in Resources */ = {isa = PBXBuildFile; fileRef = D7B0409E2EA3AF3300D6B74D /* popup.html */; };
		1D85426687C74A94AD9A3ED5 /* siteManager.js in Resources */ = {isa = PBXBuildFile; fileRef = 26C601628EA14539AAEBFB90 /* siteManager.js */; };
		D7B040BF2EA3AF3300D6B74D /* youtubeSearchBar.js in Resources */ = {isa = PBXBuildFile; fileRef = D7B040A12EA3AF3300D6B74D /* youtubeSearchBar.js */; };
		D7B040C12EA3AF3300D6B74D /* manifest.json in Resources */ = {isa = PBXBuildFile; fileRef = D7B040A32EA3AF3300D6B74D /* manifest.json */; };
		D7B040C22EA3AF3300D6B74D /* popup.css in Resources */ = {isa = PBXBuildFile; fileRef = D7B040A42EA3AF3300D6B74D /* popup.css */; };
		D7B040C32EA3AF3300D6B74D /* _locales in Resources */ = {isa = PBXBuildFile; fileRef = D7B040A52EA3AF3300D6B74D /* _locales */; };
/* End PBXBuildFile section */

/* Begin PBXContainerItemProxy section */
		D7B0406C2EA3AF3200D6B74D /* PBXContainerItemProxy */ = {
			isa = PBXContainerItemProxy;
			containerPortal = D7B040392EA3AF3100D6B74D /* Project object */;
			proxyType = 1;
			remoteGlobalIDString = D7B040692EA3AF3200D6B74D;
			remoteInfo = "Bin Extension Extension (iOS)";
		};
		D7B040762EA3AF3200D6B74D /* PBXContainerItemProxy */ = {
			isa = PBXContainerItemProxy;
			containerPortal = D7B040392EA3AF3100D6B74D /* Project object */;
			proxyType = 1;
			remoteGlobalIDString = D7B040732EA3AF3200D6B74D;
			remoteInfo = "Bin Extension Extension (macOS)";
		};
/* End PBXContainerItemProxy section */

/* Begin PBXCopyFilesBuildPhase section */
		D7B0408D2EA3AF3200D6B74D /* Embed Foundation Extensions */ = {
			isa = PBXCopyFilesBuildPhase;
			buildActionMask = 2147483647;
			dstPath = "";
			dstSubfolderSpec = 13;
			files = (
				D7B0406B2EA3AF3200D6B74D /* Bin Extension Extension.appex in Embed Foundation Extensions */,
			);
			name = "Embed Foundation Extensions";
			runOnlyForDeploymentPostprocessing = 0;
		};
		D7B040942EA3AF3200D6B74D /* Embed Foundation Extensions */ = {
			isa = PBXCopyFilesBuildPhase;
			buildActionMask = 2147483647;
			dstPath = "";
			dstSubfolderSpec = 13;
			files = (
				D7B040752EA3AF3200D6B74D /* Bin Extension Extension.appex in Embed Foundation Extensions */,
			);
			name = "Embed Foundation Extensions";
			runOnlyForDeploymentPostprocessing = 0;
		};
/* End PBXCopyFilesBuildPhase section */

/* Begin PBXFileReference section */
		D7B040402EA3AF3100D6B74D /* Base */ = {isa = PBXFileReference; lastKnownFileType = text.html; name = Base; path = Base.lproj/Main.html; sourceTree = "<group>"; };
		D7B040412EA3AF3100D6B74D /* Icon.png */ = {isa = PBXFileReference; lastKnownFileType = image.png; path = Icon.png; sourceTree = "<group>"; };
		D7B040422EA3AF3100D6B74D /* Style.css */ = {isa = PBXFileReference; lastKnownFileType = text.css; path = Style.css; sourceTree = "<group>"; };
		D7B040432EA3AF3100D6B74D /* Script.js */ = {isa = PBXFileReference; lastKnownFileType = sourcecode.javascript; path = Script.js; sourceTree = "<group>"; };
		D7B040442EA3AF3100D6B74D /* ViewController.swift */ = {isa = PBXFileReference; lastKnownFileType = sourcecode.swift; path = ViewController.swift; sourceTree = "<group>"; };
		D7B040452EA3AF3200D6B74D /* Assets.xcassets */ = {isa = PBXFileReference; lastKnownFileType = folder.assetcatalog; path = Assets.xcassets; sourceTree = "<group>"; };
		D7B040472EA3AF3200D6B74D /* SafariWebExtensionHandler.swift */ = {isa = PBXFileReference; lastKnownFileType = sourcecode.swift; path = SafariWebExtensionHandler.swift; sourceTree = "<group>"; };
		D7B0404C2EA3AF3200D6B74D /* Bin Extension.app */ = {isa = PBXFileReference; explicitFileType = wrapper.application; includeInIndex = 0; path = "Bin Extension.app"; sourceTree = BUILT_PRODUCTS_DIR; };
		D7B0404F2EA3AF3200D6B74D /* AppDelegate.swift */ = {isa = PBXFileReference; lastKnownFileType = sourcecode.swift; path = AppDelegate.swift; sourceTree = "<group>"; };
		D7B040512EA3AF3200D6B74D /* SceneDelegate.swift */ = {isa = PBXFileReference; lastKnownFileType = sourcecode.swift; path = SceneDelegate.swift; sourceTree = "<group>"; };
		D7B040542EA3AF3200D6B74D /* Base */ = {isa = PBXFileReference; lastKnownFileType = file.storyboard; name = Base; path = Base.lproj/LaunchScreen.storyboard; sourceTree = "<group>"; };
		D7B040572EA3AF3200D6B74D /* Base */ = {isa = PBXFileReference; lastKnownFileType = file.storyboard; name = Base; path = Base.lproj/Main.storyboard; sourceTree = "<group>"; };
		D7B040592EA3AF3200D6B74D /* Info.plist */ = {isa = PBXFileReference; lastKnownFileType = text.plist.xml; path = Info.plist; sourceTree = "<group>"; };
		D7B0405E2EA3AF3200D6B74D /* Bin Extension.app */ = {isa = PBXFileReference; explicitFileType = wrapper.application; includeInIndex = 0; path = "Bin Extension.app"; sourceTree = BUILT_PRODUCTS_DIR; };
		D7B040602EA3AF3200D6B74D /* AppDelegate.swift */ = {isa = PBXFileReference; lastKnownFileType = sourcecode.swift; path = AppDelegate.swift; sourceTree = "<group>"; };
		D7B040632EA3AF3200D6B74D /* Base */ = {isa = PBXFileReference; lastKnownFileType = file.storyboard; name = Base; path = Base.lproj/Main.storyboard; sourceTree = "<group>"; };
		D7B040652EA3AF3200D6B74D /* Info.plist */ = {isa = PBXFileReference; lastKnownFileType = text.plist.xml; path = Info.plist; sourceTree = "<group>"; };
		D7B0406A2EA3AF3200D6B74D /* Bin Extension Extension.appex */ = {isa = PBXFileReference; explicitFileType = "wrapper.app-extension"; includeInIndex = 0; path = "Bin Extension Extension.appex"; sourceTree = BUILT_PRODUCTS_DIR; };
		D7B0406F2EA3AF3200D6B74D /* Info.plist */ = {isa = PBXFileReference; lastKnownFileType = text.plist.xml; path = Info.plist; sourceTree = "<group>"; };
		D7B040742EA3AF3200D6B74D /* Bin Extension Extension.appex */ = {isa = PBXFileReference; explicitFileType = "wrapper.app-extension"; includeInIndex = 0; path = "Bin Extension Extension.appex"; sourceTree = BUILT_PRODUCTS_DIR; };
		D7B040792EA3AF3200D6B74D /* Info.plist */ = {isa = PBXFileReference; lastKnownFileType = text.plist.xml; path = Info.plist; sourceTree = "<group>"; };
		D7B0409A2EA3AF3300D6B74D /* browserAPI.js */ = {isa = PBXFileReference; lastKnownFileType = sourcecode.javascript; name = browserAPI.js; path = Resources/browserAPI.js; sourceTree = "<group>"; };
		D7B0409B2EA3AF3300D6B74D /* background.js */ = {isa = PBXFileReference; lastKnownFileType = sourcecode.javascript; name = background.js; path = Resources/background.js; sourceTree = "<group>"; };
		D7B0409C2EA3AF3300D6B74D /* ipDisplay.js */ = {isa = PBXFileReference; lastKnownFileType = sourcecode.javascript; name = ipDisplay.js; path = Resources/ipDisplay.js; sourceTree = "<group>"; };
		D7B0409D2EA3AF3300D6B74D /* images */ = {isa = PBXFileReference; lastKnownFileType = folder; name = images; path = Resources/images; sourceTree = "<group>"; };
		D7B0409E2EA3AF3300D6B74D /* popup.html */ = {isa = PBXFileReference; lastKnownFileType = text.html; name = popup.html; path = Resources/popup.html; sourceTree = "<group>"; };
		26C601628EA14539AAEBFB90 /* siteManager.js */ = {isa = PBXFileReference; lastKnownFileType = sourcecode.javascript; name = siteManager.js; path = Resources/siteManager.js; sourceTree = "<group>"; };
		D7B040A12EA3AF3300D6B74D /* youtubeSearchBar.js */ = {isa = PBXFileReference; lastKnownFileType = sourcecode.javascript; name = youtubeSearchBar.js; path = Resources/youtubeSearchBar.js; sourceTree = "<group>"; };
		D7B040A32EA3AF3300D6B74D /* manifest.json */ = {isa = PBXFileReference; lastKnownFileType = text.json; name = manifest.json; path = Resources/manifest.json; sourceTree = "<group>"; };
		D7B040A42EA3AF3300D6B74D /* popup.css */ = {isa = PBXFileReference; lastKnownFileType = text.css; name = popup.css; path = Resources/popup.css; sourceTree = "<group>"; };
		D7B040A52EA3AF3300D6B74D /* _locales */ = {isa = PBXFileReference; lastKnownFileType = folder; name = _locales; path = Resources/_locales; sourceTree = "<group>"; };
/* End PBXFileReference section */

/* Begin PBXFrameworksBuildPhase section */
		D7B040492EA3AF3200D6B74D /* Frameworks */ = {
			isa = PBXFrameworksBuildPhase;
			buildActionMask = 2147483647;
			files = (
			);
			runOnlyForDeploymentPostprocessing = 0;
		};
		D7B0405B2EA3AF3200D6B74D /* Frameworks */ = {
			isa = PBXFrameworksBuildPhase;
			buildActionMask = 2147483647;
			files = (
			);
			runOnlyForDeploymentPostprocessing = 0;
		};
		D7B040672EA3AF3200D6B74D /* Frameworks */ = {
			isa = PBXFrameworksBuildPhase;
			buildActionMask = 2147483647;
			files = (
			);
			runOnlyForDeploymentPostprocessing = 0;
		};
		D7B040712EA3AF3200D6B74D /* Frameworks */ = {
			isa = PBXFrameworksBuildPhase;
			buildActionMask = 2147483647;
			files = (
			);
			runOnlyForDeploymentPostprocessing = 0;
		};
/* End PBXFrameworksBuildPhase section */

/* Begin PBXGroup section */
		D7B040382EA3AF3100D6B74D = {
			isa = PBXGroup;
			children = (
				D7B0403D2EA3AF3100D6B74D /* Shared (App) */,
				D7B040462EA3AF3200D6B74D /* Shared (Extension) */,
				D7B0404E2EA3AF3200D6B74D /* iOS (App) */,
				D7B0405F2EA3AF3200D6B74D /* macOS (App) */,
				D7B0406E2EA3AF3200D6B74D /* iOS (Extension) */,
				D7B040782EA3AF3200D6B74D /* macOS (Extension) */,
				D7B0404D2EA3AF3200D6B74D /* Products */,
			);
			sourceTree = "<group>";
		};
		D7B0403D2EA3AF3100D6B74D /* Shared (App) */ = {
			isa = PBXGroup;
			children = (
				D7B040442EA3AF3100D6B74D /* ViewController.swift */,
				D7B040452EA3AF3200D6B74D /* Assets.xcassets */,
				D7B0403E2EA3AF3100D6B74D /* Resources */,
			);
			path = "Shared (App)";
			sourceTree = "<group>";
		};
		D7B0403E2EA3AF3100D6B74D /* Resources */ = {
			isa = PBXGroup;
			children = (
				D7B0403F2EA3AF3100D6B74D /* Main.html */,
				D7B040412EA3AF3100D6B74D /* Icon.png */,
				D7B040422EA3AF3100D6B74D /* Style.css */,
				D7B040432EA3AF3100D6B74D /* Script.js */,
			);
			path = Resources;
			sourceTree = "<group>";
		};
		D7B040462EA3AF3200D6B74D /* Shared (Extension) */ = {
			isa = PBXGroup;
			children = (
				D7B040982EA3AF3300D6B74D /* Resources */,
				D7B040472EA3AF3200D6B74D /* SafariWebExtensionHandler.swift */,
			);
			path = "Shared (Extension)";
			sourceTree = "<group>";
		};
		D7B0404D2EA3AF3200D6B74D /* Products */ = {
			isa = PBXGroup;
			children = (
				D7B0404C2EA3AF3200D6B74D /* Bin Extension.app */,
				D7B0405E2EA3AF3200D6B74D /* Bin Extension.app */,
				D7B0406A2EA3AF3200D6B74D /* Bin Extension Extension.appex */,
				D7B040742EA3AF3200D6B74D /* Bin Extension Extension.appex */,
			);
			name = Products;
			sourceTree = "<group>";
		};
		D7B0404E2EA3AF3200D6B74D /* iOS (App) */ = {
			isa = PBXGroup;
			children = (
				D7B0404F2EA3AF3200D6B74D /* AppDelegate.swift */,
				D7B040512EA3AF3200D6B74D /* SceneDelegate.swift */,
				D7B040532EA3AF3200D6B74D /* LaunchScreen.storyboard */,
				D7B040562EA3AF3200D6B74D /* Main.storyboard */,
				D7B040592EA3AF3200D6B74D /* Info.plist */,
			);
			path = "iOS (App)";
			sourceTree = "<group>";
		};
		D7B0405F2EA3AF3200D6B74D /* macOS (App) */ = {
			isa = PBXGroup;
			children = (
				D7B040602EA3AF3200D6B74D /* AppDelegate.swift */,
				D7B040622EA3AF3200D6B74D /* Main.storyboard */,
				D7B040652EA3AF3200D6B74D /* Info.plist */,
			);
			path = "macOS (App)";
			sourceTree = "<group>";
		};
		D7B0406E2EA3AF3200D6B74D /* iOS (Extension) */ = {
			isa = PBXGroup;
			children = (
				D7B0406F2EA3AF3200D6B74D /* Info.plist */,
			);
			path = "iOS (Extension)";
			sourceTree = "<group>";
		};
		D7B040782EA3AF3200D6B74D /* macOS (Extension) */ = {
			isa = PBXGroup;
			children = (
				D7B040792EA3AF3200D6B74D /* Info.plist */,
			);
			path = "macOS (Extension)";
			sourceTree = "<group>";
		};
		D7B040982EA3AF3300D6B74D /* Resources */ = {
			isa = PBXGroup;
			children = (
				D7B0409A2EA3AF3300D6B74D /* browserAPI.js */,
				D7B0409B2EA3AF3300D6B74D /* background.js */,
				D7B0409C2EA3AF3300D6B74D /* ipDisplay.js */,
				D7B0409D2EA3AF3300D6B74D /* images */,
				D7B0409E2EA3AF3300D6B74D /* popup.html */,
				26C601628EA14539AAEBFB90 /* siteManager.js */,
				D7B040A12EA3AF3300D6B74D /* youtubeSearchBar.js */,
				D7B040A32EA3AF3300D6B74D /* manifest.json */,
				D7B040A42EA3AF3300D6B74D /* popup.css */,
				D7B040A52EA3AF3300D6B74D /* _locales */,
			);
			name = Resources;
			path = "Shared (Extension)";
			sourceTree = SOURCE_ROOT;
		};
/* End PBXGroup section */

/* Begin PBXNativeTarget section */
		D7B0404B2EA3AF3200D6B74D /* Bin Extension (iOS) */ = {
			isa = PBXNativeTarget;
			buildConfigurationList = D7B0408E2EA3AF3200D6B74D /* Build configuration list for PBXNativeTarget "Bin Extension (iOS)" */;
			buildPhases = (
				D7B040482EA3AF3200D6B74D /* Sources */,
				D7B040492EA3AF3200D6B74D /* Frameworks */,
				D7B0404A2EA3AF3200D6B74D /* Resources */,
				D7B0408D2EA3AF3200D6B74D /* Embed Foundation Extensions */,
			);
			buildRules = (
			);
			dependencies = (
				D7B0406D2EA3AF3200D6B74D /* PBXTargetDependency */,
			);
			name = "Bin Extension (iOS)";
			packageProductDependencies = (
			);
			productName = "Bin Extension (iOS)";
			productReference = D7B0404C2EA3AF3200D6B74D /* Bin Extension.app */;
			productType = "com.apple.product-type.application";
		};
		D7B0405D2EA3AF3200D6B74D /* Bin Extension (macOS) */ = {
			isa = PBXNativeTarget;
			buildConfigurationList = D7B040952EA3AF3200D6B74D /* Build configuration list for PBXNativeTarget "Bin Extension (macOS)" */;
			buildPhases = (
				D7B0405A2EA3AF3200D6B74D /* Sources */,
				D7B0405B2EA3AF3200D6B74D /* Frameworks */,
				D7B0405C2EA3AF3200D6B74D /* Resources */,
				D7B040942EA3AF3200D6B74D /* Embed Foundation Extensions */,
			);
			buildRules = (
			);
			dependencies = (
				D7B040772EA3AF3200D6B74D /* PBXTargetDependency */,
			);
			name = "Bin Extension (macOS)";
			packageProductDependencies = (
			);
			productName = "Bin Extension (macOS)";
			productReference = D7B0405E2EA3AF3200D6B74D /* Bin Extension.app */;
			productType = "com.apple.product-type.application";
		};
		D7B040692EA3AF3200D6B74D /* Bin Extension Extension (iOS) */ = {
			isa = PBXNativeTarget;
			buildConfigurationList = D7B0408A2EA3AF3200D6B74D /* Build configuration list for PBXNativeTarget "Bin Extension Extension (iOS)" */;
			buildPhases = (
				D7B040662EA3AF3200D6B74D /* Sources */,
				D7B040672EA3AF3200D6B74D /* Frameworks */,
				D7B040682EA3AF3200D6B74D /* Resources */,
			);
			buildRules = (
			);
			dependencies = (
			);
			name = "Bin Extension Extension (iOS)";
			packageProductDependencies = (
			);
			productName = "Bin Extension Extension (iOS)";
			productReference = D7B0406A2EA3AF3200D6B74D /* Bin Extension Extension.appex */;
			productType = "com.apple.product-type.app-extension";
		};
		D7B040732EA3AF3200D6B74D /* Bin Extension Extension (macOS) */ = {
			isa = PBXNativeTarget;
			buildConfigurationList = D7B040912EA3AF3200D6B74D /* Build configuration list for PBXNativeTarget "Bin Extension Extension (macOS)" */;
			buildPhases = (
				D7B040702EA3AF3200D6B74D /* Sources */,
				D7B040712EA3AF3200D6B74D /* Frameworks */,
				D7B040722EA3AF3200D6B74D /* Resources */,
			);
			buildRules = (
			);
			dependencies = (
			);
			name = "Bin Extension Extension (macOS)";
			packageProductDependencies = (
			);
			productName = "Bin Extension Extension (macOS)";
			productReference = D7B040742EA3AF3200D6B74D /* Bin Extension Extension.appex */;
			productType = "com.apple.product-type.app-extension";
		};
/* End PBXNativeTarget section */

/* Begin PBXProject section */
		D7B040392EA3AF3100D6B74D /* Project object */ = {
			isa = PBXProject;
			attributes = {
				BuildIndependentTargetsInParallel = 1;
				LastSwiftUpdateCheck = 2600;
				LastUpgradeCheck = 2600;
				TargetAttributes = {
					D7B0404B2EA3AF3200D6B74D = {
						CreatedOnToolsVersion = 26.0.1;
					};
					D7B0405D2EA3AF3200D6B74D = {
						CreatedOnToolsVersion = 26.0.1;
					};
					D7B040692EA3AF3200D6B74D = {
						CreatedOnToolsVersion = 26.0.1;
					};
					D7B040732EA3AF3200D6B74D = {
						CreatedOnToolsVersion = 26.0.1;
					};
				};
			};
			buildConfigurationList = D7B0403C2EA3AF3100D6B74D /* Build configuration list for PBXProject "Bin Extension" */;
			developmentRegion = en;
			hasScannedForEncodings = 0;
			knownRegions = (
				en,
				Base,
			);
			mainGroup = D7B040382EA3AF3100D6B74D;
			minimizedProjectReferenceProxies = 1;
			preferredProjectObjectVersion = 77;
			productRefGroup = D7B0404D2EA3AF3200D6B74D /* Products */;
			projectDirPath = "";
			projectRoot = "";
			targets = (
				D7B0404B2EA3AF3200D6B74D /* Bin Extension (iOS) */,
				D7B0405D2EA3AF3200D6B74D /* Bin Extension (macOS) */,
				D7B040692EA3AF3200D6B74D /* Bin Extension Extension (iOS) */,
				D7B040732EA3AF3200D6B74D /* Bin Extension Extension (macOS) */,
			);
		};
/* End PBXProject section */

/* Begin PBXResourcesBuildPhase section */
		D7B0404A2EA3AF3200D6B74D /* Resources */ = {
			isa = PBXResourcesBuildPhase;
			buildActionMask = 2147483647;
			files = (
				D7B0407C2EA3AF3200D6B74D /* Icon.png in Resources */,
				D7B040552EA3AF3200D6B74D /* LaunchScreen.storyboard in Resources */,
				D7B0407A2EA3AF3200D6B74D /* Main.html in Resources */,
				D7B040802EA3AF3200D6B74D /* Script.js in Resources */,
				D7B040842EA3AF3200D6B74D /* Assets.xcassets in Resources */,
				D7B040582EA3AF3200D6B74D /* Main.storyboard in Resources */,
				D7B0407E2EA3AF3200D6B74D /* Style.css in Resources */,
			);
			runOnlyForDeploymentPostprocessing = 0;
		};
		D7B0405C2EA3AF3200D6B74D /* Resources */ = {
			isa = PBXResourcesBuildPhase;
			buildActionMask = 2147483647;
			files = (
				D7B0407D2EA3AF3200D6B74D /* Icon.png in Resources */,
				D7B0407F2EA3AF3200D6B74D /* Style.css in Resources */,
				D7B040642EA3AF3200D6B74D /* Main.storyboard in Resources */,
				D7B040812EA3AF3200D6B74D /* Script.js in Resources */,
				D7B040852EA3AF3200D6B74D /* Assets.xcassets in Resources */,
				D7B0407B2EA3AF3200D6B74D /* Main.html in Resources */,
			);
			runOnlyForDeploymentPostprocessing = 0;
		};
		D7B040682EA3AF3200D6B74D /* Resources */ = {
			isa = PBXResourcesBuildPhase;
			buildActionMask = 2147483647;
			files = (
				D7B040BB2EA3AF3300D6B74D /* images in Resources */,
				D7B040BC2EA3AF3300D6B74D /* popup.html in Resources */,
				1D85426687C74A94AD9A3ED5 /* siteManager.js in Resources */,
				D7B040B82EA3AF3300D6B74D /* browserAPI.js in Resources */,
				D7B040C12EA3AF3300D6B74D /* manifest.json in Resources */,
				D7B040B92EA3AF3300D6B74D /* background.js in Resources */,
				D7B040BF2EA3AF3300D6B74D /* youtubeSearchBar.js in Resources */,
				D7B040C22EA3AF3300D6B74D /* popup.css in Resources */,
				D7B040C32EA3AF3300D6B74D /* _locales in Resources */,
			);
			runOnlyForDeploymentPostprocessing = 0;
		};
		D7B040722EA3AF3200D6B74D /* Resources */ = {
			isa = PBXResourcesBuildPhase;
			buildActionMask = 2147483647;
			files = (
				D7B040AC2EA3AF3300D6B74D /* images in Resources */,
				D7B040AD2EA3AF3300D6B74D /* popup.html in Resources */,
				B97BD8DE2FF2B4146B4AE021 /* siteManager.js in Resources */,
				D7B040A92EA3AF3300D6B74D /* browserAPI.js in Resources */,
				D7B040B22EA3AF3300D6B74D /* manifest.json in Resources */,
				D7B040AA2EA3AF3300D6B74D /* background.js in Resources */,
				D7B040B02EA3AF3300D6B74D /* youtubeSearchBar.js in Resources */,
				D7B040B32EA3AF3300D6B74D /* popup.css in Resources */,
				D7B040AB2EA3AF3300D6B74D /* ipDisplay.js in Resources */,
				D7B040B42EA3AF3300D6B74D /* _locales in Resources */,
			);
			runOnlyForDeploymentPostprocessing = 0;
		};
/* End PBXResourcesBuildPhase section */

/* Begin PBXSourcesBuildPhase section */
		D7B040482EA3AF3200D6B74D /* Sources */ = {
			isa = PBXSourcesBuildPhase;
			buildActionMask = 2147483647;
			files = (
				D7B040822EA3AF3200D6B74D /* ViewController.swift in Sources */,
				D7B040502EA3AF3200D6B74D /* AppDelegate.swift in Sources */,
				D7B040522EA3AF3200D6B74D /* SceneDelegate.swift in Sources */,
			);
			runOnlyForDeploymentPostprocessing = 0;
		};
		D7B0405A2EA3AF3200D6B74D /* Sources */ = {
			isa = PBXSourcesBuildPhase;
			buildActionMask = 2147483647;
			files = (
				D7B040832EA3AF3200D6B74D /* ViewController.swift in Sources */,
				D7B040612EA3AF3200D6B74D /* AppDelegate.swift in Sources */,
			);
			runOnlyForDeploymentPostprocessing = 0;
		};
		D7B040662EA3AF3200D6B74D /* Sources */ = {
			isa = PBXSourcesBuildPhase;
			buildActionMask = 2147483647;
			files = (
				D7B040862EA3AF3200D6B74D /* SafariWebExtensionHandler.swift in Sources */,
			);
			runOnlyForDeploymentPostprocessing = 0;
		};
		D7B040702EA3AF3200D6B74D /* Sources */ = {
			isa = PBXSourcesBuildPhase;
			buildActionMask = 2147483647;
			files = (
				D7B040872EA3AF3200D6B74D /* SafariWebExtensionHandler.swift in Sources */,
			);
			runOnlyForDeploymentPostprocessing = 0;
		};
/* End PBXSourcesBuildPhase section */

/* Begin PBXTargetDependency section */
		D7B0406D2EA3AF3200D6B74D /* PBXTargetDependency */ = {
			isa = PBXTargetDependency;
			target = D7B040692EA3AF3200D6B74D /* Bin Extension Extension (iOS) */;
			targetProxy = D7B0406C2EA3AF3200D6B74D /* PBXContainerItemProxy */;
		};
		D7B040772EA3AF3200D6B74D /* PBXTargetDependency */ = {
			isa = PBXTargetDependency;
			target = D7B040732EA3AF3200D6B74D /* Bin Extension Extension (macOS) */;
			targetProxy = D7B040762EA3AF3200D6B74D /* PBXContainerItemProxy */;
		};
/* End PBXTargetDependency section */

/* Begin PBXVariantGroup section */
		D7B0403F2EA3AF3100D6B74D /* Main.html */ = {
			isa = PBXVariantGroup;
			children = (
				D7B040402EA3AF3100D6B74D /* Base */,
			);
			name = Main.html;
			sourceTree = "<group>";
		};
		D7B040532EA3AF3200D6B74D /* LaunchScreen.storyboard */ = {
			isa = PBXVariantGroup;
			children = (
				D7B040542EA3AF3200D6B74D /* Base */,
			);
			name = LaunchScreen.storyboard;
			sourceTree = "<group>";
		};
		D7B040562EA3AF3200D6B74D /* Main.storyboard */ = {
			isa = PBXVariantGroup;
			children = (
				D7B040572EA3AF3200D6B74D /* Base */,
			);
			name = Main.storyboard;
			sourceTree = "<group>";
		};
		D7B040622EA3AF3200D6B74D /* Main.storyboard */ = {
			isa = PBXVariantGroup;
			children = (
				D7B040632EA3AF3200D6B74D /* Base */,
			);
			name = Main.storyboard;
			sourceTree = "<group>";
		};
/* End PBXVariantGroup section */

/* Begin XCBuildConfiguration section */
		D7B040882EA3AF3200D6B74D /* Debug */ = {
			isa = XCBuildConfiguration;
			buildSettings = {
				ALWAYS_SEARCH_USER_PATHS = NO;
				ASSETCATALOG_COMPILER_GENERATE_SWIFT_ASSET_SYMBOL_EXTENSIONS = YES;
				CLANG_ANALYZER_NONNULL = YES;
				CLANG_ANALYZER_NUMBER_OBJECT_CONVERSION = YES_AGGRESSIVE;
				CLANG_CXX_LANGUAGE_STANDARD = "gnu++20";
				CLANG_ENABLE_MODULES = YES;
				CLANG_ENABLE_OBJC_ARC = YES;
				CLANG_ENABLE_OBJC_WEAK = YES;
				CLANG_WARN_BLOCK_CAPTURE_AUTORELEASING = YES;
				CLANG_WARN_BOOL_CONVERSION = YES;
				CLANG_WARN_COMMA = YES;
				CLANG_WARN_CONSTANT_CONVERSION = YES;
				CLANG_WARN_DEPRECATED_OBJC_IMPLEMENTATIONS = YES;
				CLANG_WARN_DIRECT_OBJC_ISA_USAGE = YES_ERROR;
				CLANG_WARN_DOCUMENTATION_COMMENTS = YES;
				CLANG_WARN_EMPTY_BODY = YES;
				CLANG_WARN_ENUM_CONVERSION = YES;
				CLANG_WARN_INFINITE_RECURSION = YES;
				CLANG_WARN_INT_CONVERSION = YES;
				CLANG_WARN_NON_LITERAL_NULL_CONVERSION = YES;
				CLANG_WARN_OBJC_IMPLICIT_RETAIN_SELF = YES;
				CLANG_WARN_OBJC_LITERAL_CONVERSION = YES;
				CLANG_WARN_OBJC_ROOT_CLASS = YES_ERROR;
				CLANG_WARN_QUOTED_INCLUDE_IN_FRAMEWORK_HEADER = YES;
				CLANG_WARN_RANGE_LOOP_ANALYSIS = YES;
				CLANG_WARN_STRICT_PROTOTYPES = YES;
				CLANG_WARN_SUSPICIOUS_MOVE = YES;
				CLANG_WARN_UNGUARDED_AVAILABILITY = YES_AGGRESSIVE;
				CLANG_WARN_UNREACHABLE_CODE = YES;
				CLANG_WARN__DUPLICATE_METHOD_MATCH = YES;
				COPY_PHASE_STRIP = NO;
				DEBUG_INFORMATION_FORMAT = dwarf;
				ENABLE_STRICT_OBJC_MSGSEND = YES;
				ENABLE_TESTABILITY = YES;
				ENABLE_USER_SCRIPT_SANDBOXING = YES;
				GCC_C_LANGUAGE_STANDARD = gnu17;
				GCC_DYNAMIC_NO_PIC = NO;
				GCC_NO_COMMON_BLOCKS = YES;
				GCC_OPTIMIZATION_LEVEL = 0;
				GCC_PREPROCESSOR_DEFINITIONS = (
					"DEBUG=1",
					"$(inherited)",
				);
				GCC_WARN_64_TO_32_BIT_CONVERSION = YES;
				GCC_WARN_ABOUT_RETURN_TYPE = YES_ERROR;
				GCC_WARN_UNDECLARED_SELECTOR = YES;
				GCC_WARN_UNINITIALIZED_AUTOS = YES_AGGRESSIVE;
				GCC_WARN_UNUSED_FUNCTION = YES;
				GCC_WARN_UNUSED_VARIABLE = YES;
				LOCALIZATION_PREFERS_STRING_CATALOGS = YES;
				MTL_ENABLE_DEBUG_INFO = INCLUDE_SOURCE;
				MTL_FAST_MATH = YES;
				ONLY_ACTIVE_ARCH = YES;
				SWIFT_ACTIVE_COMPILATION_CONDITIONS = "DEBUG $(inherited)";
				SWIFT_OPTIMIZATION_LEVEL = "-Onone";
			};
			name = Debug;
		};
		D7B040892EA3AF3200D6B74D /* Release */ = {
			isa = XCBuildConfiguration;
			buildSettings = {
				ALWAYS_SEARCH_USER_PATHS = NO;
				ASSETCATALOG_COMPILER_GENERATE_SWIFT_ASSET_SYMBOL_EXTENSIONS = YES;
				CLANG_ANALYZER_NONNULL = YES;
				CLANG_ANALYZER_NUMBER_OBJECT_CONVERSION = YES_AGGRESSIVE;
				CLANG_CXX_LANGUAGE_STANDARD = "gnu++20";
				CLANG_ENABLE_MODULES = YES;
				CLANG_ENABLE_OBJC_ARC = YES;
				CLANG_ENABLE_OBJC_WEAK = YES;
				CLANG_WARN_BLOCK_CAPTURE_AUTORELEASING = YES;
				CLANG_WARN_BOOL_CONVERSION = YES;
				CLANG_WARN_COMMA = YES;
				CLANG_WARN_CONSTANT_CONVERSION = YES;
				CLANG_WARN_DEPRECATED_OBJC_IMPLEMENTATIONS = YES;
				CLANG_WARN_DIRECT_OBJC_ISA_USAGE = YES_ERROR;
				CLANG_WARN_DOCUMENTATION_COMMENTS = YES;
				CLANG_WARN_EMPTY_BODY = YES;
				CLANG_WARN_ENUM_CONVERSION = YES;
				CLANG_WARN_INFINITE_RECURSION = YES;
				CLANG_WARN_INT_CONVERSION = YES;
				CLANG_WARN_NON_LITERAL_NULL_CONVERSION = YES;
				CLANG_WARN_OBJC_IMPLICIT_RETAIN_SELF = YES;
				CLANG_WARN_OBJC_LITERAL_CONVERSION = YES;
				CLANG_WARN_OBJC_ROOT_CLASS = YES_ERROR;
				CLANG_WARN_QUOTED_INCLUDE_IN_FRAMEWORK_HEADER = YES;
				CLANG_WARN_RANGE_LOOP_ANALYSIS = YES;
				CLANG_WARN_STRICT_PROTOTYPES = YES;
				CLANG_WARN_SUSPICIOUS_MOVE = YES;
				CLANG_WARN_UNGUARDED_AVAILABILITY = YES_AGGRESSIVE;
				CLANG_WARN_UNREACHABLE_CODE = YES;
				CLANG_WARN__DUPLICATE_METHOD_MATCH = YES;
				COPY_PHASE_STRIP = NO;
				DEBUG_INFORMATION_FORMAT = "dwarf-with-dsym";
				ENABLE_NS_ASSERTIONS = NO;
				ENABLE_STRICT_OBJC_MSGSEND = YES;
				ENABLE_USER_SCRIPT_SANDBOXING = YES;
				GCC_C_LANGUAGE_STANDARD = gnu17;
				GCC_NO_COMMON_BLOCKS = YES;
				GCC_WARN_64_TO_32_BIT_CONVERSION = YES;
				GCC_WARN_ABOUT_RETURN_TYPE = YES_ERROR;
				GCC_WARN_UNDECLARED_SELECTOR = YES;
				GCC_WARN_UNINITIALIZED_AUTOS = YES_AGGRESSIVE;
				GCC_WARN_UNUSED_FUNCTION = YES;
				GCC_WARN_UNUSED_VARIABLE = YES;
				LOCALIZATION_PREFERS_STRING_CATALOGS = YES;
				MTL_ENABLE_DEBUG_INFO = NO;
				MTL_FAST_MATH = YES;
				SWIFT_COMPILATION_MODE = wholemodule;
			};
			name = Release;
		};
		D7B0408B2EA3AF3200D6B74D /* Debug */ = {
			isa = XCBuildConfiguration;
			buildSettings = {
				CODE_SIGN_STYLE = Automatic;
				CURRENT_PROJECT_VERSION = 1;
				GENERATE_INFOPLIST_FILE = YES;
				INFOPLIST_FILE = "iOS (Extension)/Info.plist";
				INFOPLIST_KEY_CFBundleDisplayName = "Bin Extension Extension";
				INFOPLIST_KEY_NSHumanReadableCopyright = "";
				IPHONEOS_DEPLOYMENT_TARGET = 15.0;
				LD_RUNPATH_SEARCH_PATHS = (
					"$(inherited)",
					"@executable_path/Frameworks",
					"@executable_path/../../Frameworks",
				);
				MARKETING_VERSION = 1.0;
				OTHER_LDFLAGS = (
					"-framework",
					SafariServices,
				);
				PRODUCT_BUNDLE_IDENTIFIER = "com.bingo.bin-extension.Extension";
				PRODUCT_NAME = "Bin Extension Extension";
				SDKROOT = iphoneos;
				SKIP_INSTALL = YES;
				STRING_CATALOG_GENERATE_SYMBOLS = YES;
				SWIFT_APPROACHABLE_CONCURRENCY = YES;
				SWIFT_EMIT_LOC_STRINGS = YES;
				SWIFT_UPCOMING_FEATURE_MEMBER_IMPORT_VISIBILITY = YES;
				SWIFT_VERSION = 5.0;
				TARGETED_DEVICE_FAMILY = "1,2";
			};
			name = Debug;
		};
		D7B0408C2EA3AF3200D6B74D /* Release */ = {
			isa = XCBuildConfiguration;
			buildSettings = {
				CODE_SIGN_STYLE = Automatic;
				CURRENT_PROJECT_VERSION = 1;
				GENERATE_INFOPLIST_FILE = YES;
				INFOPLIST_FILE = "iOS (Extension)/Info.plist";
				INFOPLIST_KEY_CFBundleDisplayName = "Bin Extension Extension";
				INFOPLIST_KEY_NSHumanReadableCopyright = "";
				IPHONEOS_DEPLOYMENT_TARGET = 15.0;
				LD_RUNPATH_SEARCH_PATHS = (
					"$(inherited)",
					"@executable_path/Frameworks",
					"@executable_path/../../Frameworks",
				);
				MARKETING_VERSION = 1.0;
				OTHER_LDFLAGS = (
					"-framework",
					SafariServices,
				);
				PRODUCT_BUNDLE_IDENTIFIER = "com.bingo.bin-extension.Extension";
				PRODUCT_NAME = "Bin Extension Extension";
				SDKROOT = iphoneos;
				SKIP_INSTALL = YES;
				STRING_CATALOG_GENERATE_SYMBOLS = YES;
				SWIFT_APPROACHABLE_CONCURRENCY = YES;
				SWIFT_EMIT_LOC_STRINGS = YES;
				SWIFT_UPCOMING_FEATURE_MEMBER_IMPORT_VISIBILITY = YES;
				SWIFT_VERSION = 5.0;
				TARGETED_DEVICE_FAMILY = "1,2";
				VALIDATE_PRODUCT = YES;
			};
			name = Release;
		};
		D7B0408F2EA3AF3200D6B74D /* Debug */ = {
			isa = XCBuildConfiguration;
			buildSettings = {
				ASSETCATALOG_COMPILER_APPICON_NAME = AppIcon;
				ASSETCATALOG_COMPILER_GLOBAL_ACCENT_COLOR_NAME = AccentColor;
				CODE_SIGN_STYLE = Automatic;
				CURRENT_PROJECT_VERSION = 1;
				GENERATE_INFOPLIST_FILE = YES;
				INFOPLIST_FILE = "iOS (App)/Info.plist";
				INFOPLIST_KEY_CFBundleDisplayName = "Bin Extension";
				INFOPLIST_KEY_UIApplicationSupportsIndirectInputEvents = YES;
				INFOPLIST_KEY_UILaunchStoryboardName = LaunchScreen;
				INFOPLIST_KEY_UIMainStoryboardFile = Main;
				INFOPLIST_KEY_UISupportedInterfaceOrientations = "UIInterfaceOrientationPortrait UIInterfaceOrientationLandscapeLeft UIInterfaceOrientationLandscapeRight";
				INFOPLIST_KEY_UISupportedInterfaceOrientations_iPad = "UIInterfaceOrientationPortrait UIInterfaceOrientationPortraitUpsideDown UIInterfaceOrientationLandscapeLeft UIInterfaceOrientationLandscapeRight";
				IPHONEOS_DEPLOYMENT_TARGET = 15.0;
				LD_RUNPATH_SEARCH_PATHS = (
					"$(inherited)",
					"@executable_path/Frameworks",
				);
				MARKETING_VERSION = 1.0;
				OTHER_LDFLAGS = (
					"-framework",
					SafariServices,
					"-framework",
					WebKit,
				);
				PRODUCT_BUNDLE_IDENTIFIER = "com.bingo.bin-extension";
				PRODUCT_NAME = "Bin Extension";
				SDKROOT = iphoneos;
				STRING_CATALOG_GENERATE_SYMBOLS = YES;
				SWIFT_APPROACHABLE_CONCURRENCY = YES;
				SWIFT_DEFAULT_ACTOR_ISOLATION = MainActor;
				SWIFT_EMIT_LOC_STRINGS = YES;
				SWIFT_UPCOMING_FEATURE_MEMBER_IMPORT_VISIBILITY = YES;
				SWIFT_VERSION = 5.0;
				TARGETED_DEVICE_FAMILY = "1,2";
			};
			name = Debug;
		};
		D7B040902EA3AF3200D6B74D /* Release */ = {
			isa = XCBuildConfiguration;
			buildSettings = {
				ASSETCATALOG_COMPILER_APPICON_NAME = AppIcon;
				ASSETCATALOG_COMPILER_GLOBAL_ACCENT_COLOR_NAME = AccentColor;
				CODE_SIGN_STYLE = Automatic;
				CURRENT_PROJECT_VERSION = 1;
				GENERATE_INFOPLIST_FILE = YES;
				INFOPLIST_FILE = "iOS (App)/Info.plist";
				INFOPLIST_KEY_CFBundleDisplayName = "Bin Extension";
				INFOPLIST_KEY_UIApplicationSupportsIndirectInputEvents = YES;
				INFOPLIST_KEY_UILaunchStoryboardName = LaunchScreen;
				INFOPLIST_KEY_UIMainStoryboardFile = Main;
				INFOPLIST_KEY_UISupportedInterfaceOrientations = "UIInterfaceOrientationPortrait UIInterfaceOrientationLandscapeLeft UIInterfaceOrientationLandscapeRight";
				INFOPLIST_KEY_UISupportedInterfaceOrientations_iPad = "UIInterfaceOrientationPortrait UIInterfaceOrientationPortraitUpsideDown UIInterfaceOrientationLandscapeLeft UIInterfaceOrientationLandscapeRight";
				IPHONEOS_DEPLOYMENT_TARGET = 15.0;
				LD_RUNPATH_SEARCH_PATHS = (
					"$(inherited)",
					"@executable_path/Frameworks",
				);
				MARKETING_VERSION = 1.0;
				OTHER_LDFLAGS = (
					"-framework",
					SafariServices,
					"-framework",
					WebKit,
				);
				PRODUCT_BUNDLE_IDENTIFIER = "com.bingo.bin-extension";
				PRODUCT_NAME = "Bin Extension";
				SDKROOT = iphoneos;
				STRING_CATALOG_GENERATE_SYMBOLS = YES;
				SWIFT_APPROACHABLE_CONCURRENCY = YES;
				SWIFT_DEFAULT_ACTOR_ISOLATION = MainActor;
				SWIFT_EMIT_LOC_STRINGS = YES;
				SWIFT_UPCOMING_FEATURE_MEMBER_IMPORT_VISIBILITY = YES;
				SWIFT_VERSION = 5.0;
				TARGETED_DEVICE_FAMILY = "1,2";
				VALIDATE_PRODUCT = YES;
			};
			name = Release;
		};
		D7B040922EA3AF3200D6B74D /* Debug */ = {
			isa = XCBuildConfiguration;
			buildSettings = {
				CODE_SIGN_STYLE = Automatic;
				CURRENT_PROJECT_VERSION = 1;
				ENABLE_APP_SANDBOX = YES;
				ENABLE_HARDENED_RUNTIME = YES;
				ENABLE_USER_SELECTED_FILES = readonly;
				GENERATE_INFOPLIST_FILE = YES;
				INFOPLIST_FILE = "macOS (Extension)/Info.plist";
				INFOPLIST_KEY_CFBundleDisplayName = "Bin Extension Extension";
				INFOPLIST_KEY_NSHumanReadableCopyright = "";
				LD_RUNPATH_SEARCH_PATHS = (
					"$(inherited)",
					"@executable_path/../Frameworks",
					"@executable_path/../../../../Frameworks",
				);
				MACOSX_DEPLOYMENT_TARGET = 10.14;
				MARKETING_VERSION = 1.0;
				OTHER_LDFLAGS = (
					"-framework",
					SafariServices,
				);
				PRODUCT_BUNDLE_IDENTIFIER = "com.bingo.bin-extension.Extension";
				PRODUCT_NAME = "Bin Extension Extension";
				SDKROOT = macosx;
				SKIP_INSTALL = YES;
				STRING_CATALOG_GENERATE_SYMBOLS = YES;
				SWIFT_APPROACHABLE_CONCURRENCY = YES;
				SWIFT_EMIT_LOC_STRINGS = YES;
				SWIFT_UPCOMING_FEATURE_MEMBER_IMPORT_VISIBILITY = YES;
				SWIFT_VERSION = 5.0;
			};
			name = Debug;
		};
		D7B040932EA3AF3200D6B74D /* Release */ = {
			isa = XCBuildConfiguration;
			buildSettings = {
				CODE_SIGN_STYLE = Automatic;
				CURRENT_PROJECT_VERSION = 1;
				ENABLE_APP_SANDBOX = YES;
				ENABLE_HARDENED_RUNTIME = YES;
				ENABLE_USER_SELECTED_FILES = readonly;
				GENERATE_INFOPLIST_FILE = YES;
				INFOPLIST_FILE = "macOS (Extension)/Info.plist";
				INFOPLIST_KEY_CFBundleDisplayName = "Bin Extension Extension";
				INFOPLIST_KEY_NSHumanReadableCopyright = "";
				LD_RUNPATH_SEARCH_PATHS = (
					"$(inherited)",
					"@executable_path/../Frameworks",
					"@executable_path/../../../../Frameworks",
				);
				MACOSX_DEPLOYMENT_TARGET = 10.14;
				MARKETING_VERSION = 1.0;
				OTHER_LDFLAGS = (
					"-framework",
					SafariServices,
				);
				PRODUCT_BUNDLE_IDENTIFIER = "com.bingo.bin-extension.Extension";
				PRODUCT_NAME = "Bin Extension Extension";
				SDKROOT = macosx;
				SKIP_INSTALL = YES;
				STRING_CATALOG_GENERATE_SYMBOLS = YES;
				SWIFT_APPROACHABLE_CONCURRENCY = YES;
				SWIFT_EMIT_LOC_STRINGS = YES;
				SWIFT_UPCOMING_FEATURE_MEMBER_IMPORT_VISIBILITY = YES;
				SWIFT_VERSION = 5.0;
			};
			name = Release;
		};
		D7B040962EA3AF3200D6B74D /* Debug */ = {
			isa = XCBuildConfiguration;
			buildSettings = {
				ASSETCATALOG_COMPILER_APPICON_NAME = AppIcon;
				ASSETCATALOG_COMPILER_GLOBAL_ACCENT_COLOR_NAME = AccentColor;
				CODE_SIGN_STYLE = Automatic;
				CURRENT_PROJECT_VERSION = 1;
				ENABLE_APP_SANDBOX = YES;
				ENABLE_HARDENED_RUNTIME = YES;
				ENABLE_OUTGOING_NETWORK_CONNECTIONS = YES;
				ENABLE_USER_SELECTED_FILES = readonly;
				GENERATE_INFOPLIST_FILE = YES;
				INFOPLIST_FILE = "macOS (App)/Info.plist";
				INFOPLIST_KEY_CFBundleDisplayName = "Bin Extension";
				INFOPLIST_KEY_NSMainStoryboardFile = Main;
				INFOPLIST_KEY_NSPrincipalClass = NSApplication;
				LD_RUNPATH_SEARCH_PATHS = (
					"$(inherited)",
					"@executable_path/../Frameworks",
				);
				MACOSX_DEPLOYMENT_TARGET = 10.14;
				MARKETING_VERSION = 1.0;
				OTHER_LDFLAGS = (
					"-framework",
					SafariServices,
					"-framework",
					WebKit,
				);
				PRODUCT_BUNDLE_IDENTIFIER = "com.bingo.bin-extension";
				PRODUCT_NAME = "Bin Extension";
				REGISTER_APP_GROUPS = YES;
				SDKROOT = macosx;
				STRING_CATALOG_GENERATE_SYMBOLS = YES;
				SWIFT_APPROACHABLE_CONCURRENCY = YES;
				SWIFT_DEFAULT_ACTOR_ISOLATION = MainActor;
				SWIFT_EMIT_LOC_STRINGS = YES;
				SWIFT_UPCOMING_FEATURE_MEMBER_IMPORT_VISIBILITY = YES;
				SWIFT_VERSION = 5.0;
			};
			name = Debug;
		};
		D7B040972EA3AF3200D6B74D /* Release */ = {
			isa = XCBuildConfiguration;
			buildSettings = {
				ASSETCATALOG_COMPILER_APPICON_NAME = AppIcon;
				ASSETCATALOG_COMPILER_GLOBAL_ACCENT_COLOR_NAME = AccentColor;
				CODE_SIGN_STYLE = Automatic;
				CURRENT_PROJECT_VERSION = 1;
				ENABLE_APP_SANDBOX = YES;
				ENABLE_HARDENED_RUNTIME = YES;
				ENABLE_OUTGOING_NETWORK_CONNECTIONS = YES;
				ENABLE_USER_SELECTED_FILES = readonly;
				GENERATE_INFOPLIST_FILE = YES;
				INFOPLIST_FILE = "macOS (App)/Info.plist";
				INFOPLIST_KEY_CFBundleDisplayName = "Bin Extension";
				INFOPLIST_KEY_NSMainStoryboardFile = Main;
				INFOPLIST_KEY_NSPrincipalClass = NSApplication;
				LD_RUNPATH_SEARCH_PATHS = (
					"$(inherited)",
					"@executable_path/../Frameworks",
				);
				MACOSX_DEPLOYMENT_TARGET = 10.14;
				MARKETING_VERSION = 1.0;
				OTHER_LDFLAGS = (
					"-framework",
					SafariServices,
					"-framework",
					WebKit,
				);
				PRODUCT_BUNDLE_IDENTIFIER = "com.bingo.bin-extension";
				PRODUCT_NAME = "Bin Extension";
				REGISTER_APP_GROUPS = YES;
				SDKROOT = macosx;
				STRING_CATALOG_GENERATE_SYMBOLS = YES;
				SWIFT_APPROACHABLE_CONCURRENCY = YES;
				SWIFT_DEFAULT_ACTOR_ISOLATION = MainActor;
				SWIFT_EMIT_LOC_STRINGS = YES;
				SWIFT_UPCOMING_FEATURE_MEMBER_IMPORT_VISIBILITY = YES;
				SWIFT_VERSION = 5.0;
			};
			name = Release;
		};
/* End XCBuildConfiguration section */

/* Begin XCConfigurationList section */
		D7B0403C2EA3AF3100D6B74D /* Build configuration list for PBXProject "Bin Extension" */ = {
			isa = XCConfigurationList;
			buildConfigurations = (
				D7B040882EA3AF3200D6B74D /* Debug */,
				D7B040892EA3AF3200D6B74D /* Release */,
			);
			defaultConfigurationIsVisible = 0;
			defaultConfigurationName = Release;
		};
		D7B0408A2EA3AF3200D6B74D /* Build configuration list for PBXNativeTarget "Bin Extension Extension (iOS)" */ = {
			isa = XCConfigurationList;
			buildConfigurations = (
				D7B0408B2EA3AF3200D6B74D /* Debug */,
				D7B0408C2EA3AF3200D6B74D /* Release */,
			);
			defaultConfigurationIsVisible = 0;
			defaultConfigurationName = Release;
		};
		D7B0408E2EA3AF3200D6B74D /* Build configuration list for PBXNativeTarget "Bin Extension (iOS)" */ = {
			isa = XCConfigurationList;
			buildConfigurations = (
				D7B0408F2EA3AF3200D6B74D /* Debug */,
				D7B040902EA3AF3200D6B74D /* Release */,
			);
			defaultConfigurationIsVisible = 0;
			defaultConfigurationName = Release;
		};
		D7B040912EA3AF3200D6B74D /* Build configuration list for PBXNativeTarget "Bin Extension Extension (macOS)" */ = {
			isa = XCConfigurationList;
			buildConfigurations = (
				D7B040922EA3AF3200D6B74D /* Debug */,
				D7B040932EA3AF3200D6B74D /* Release */,
			);
			defaultConfigurationIsVisible = 0;
			defaultConfigurationName = Release;
		};
		D7B040952EA3AF3200D6B74D /* Build configuration list for PBXNativeTarget "Bin Extension (macOS)" */ = {
			isa = XCConfigurationList;
			buildConfigurations = (
				D7B040962EA3AF3200D6B74D /* Debug */,
				D7B040972EA3AF3200D6B74D /* Release */,
			);
			defaultConfigurationIsVisible = 0;
			defaultConfigurationName = Release;
		};
/* End XCConfigurationList section */
	};
	rootObject = D7B040392EA3AF3100D6B74D /* Project object */;
}
